
Microsoft Visual Studio Solution File, Format Version 12.00
# Visual Studio Version 17
VisualStudioVersion = 17.4.33213.308
MinimumVisualStudioVersion = 10.0.40219.1
Project("{FAE04EC0-301F-11D3-BF4B-00C04F79EFBC}") = "ListaDeAnimais", "ListaDeAnimais\ListaDeAnimais.csproj", "{04D091A1-486C-43BE-B1CE-3A0301B2D623}"
EndProject
Global
	GlobalSection(SolutionConfigurationPlatforms) = preSolution
		Debug|Any CPU = Debug|Any CPU
		Release|Any CPU = Release|Any CPU
	EndGlobalSection
	GlobalSection(ProjectConfigurationPlatforms) = postSolution
		{04D091A1-486C-43BE-B1CE-3A0301B2D623}.Debug|Any CPU.ActiveCfg = Debug|Any CPU
		{04D091A1-486C-43BE-B1CE-3A0301B2D623}.Debug|Any CPU.Build.0 = Debug|Any CPU
		{04D091A1-486C-43BE-B1CE-3A0301B2D623}.Release|Any CPU.ActiveCfg = Release|Any CPU
		{04D091A1-486C-43BE-B1CE-3A0301B2D623}.Release|Any CPU.Build.0 = Release|Any CPU
	EndGlobalSection
	GlobalSection(SolutionProperties) = preSolution
		HideSolutionNode = FALSE
	EndGlobalSection
	GlobalSection(ExtensibilityGlobals) = postSolution
		SolutionGuid = {B8BCCA93-7E93-4D06-B5A1-E7C95F4C764C}
	EndGlobalSection
EndGlobal
